
Microsoft Visual Studio Solution File, Format Version 12.00
# Visual Studio Version 17
VisualStudioVersion = 17.11.35222.181
MinimumVisualStudioVersion = 10.0.40219.1
Project("{FAE04EC0-301F-11D3-BF4B-00C04F79EFBC}") = "HackerRankPractic", "HackerRankPractic\HackerRankPractic.csproj", "{32BEBEFB-8C91-47AE-B42C-C4ECDBE92F7E}"
EndProject
Global
	GlobalSection(SolutionConfigurationPlatforms) = preSolution
		Debug|Any CPU = Debug|Any CPU
		Release|Any CPU = Release|Any CPU
	EndGlobalSection
	GlobalSection(ProjectConfigurationPlatforms) = postSolution
		{32BEBEFB-8C91-47AE-B42C-C4ECDBE92F7E}.Debug|Any CPU.ActiveCfg = Debug|Any CPU
		{32BEBEFB-8C91-47AE-B42C-C4ECDBE92F7E}.Debug|Any CPU.Build.0 = Debug|Any CPU
		{32BEBEFB-8C91-47AE-B42C-C4ECDBE92F7E}.Release|Any CPU.ActiveCfg = Release|Any CPU
		{32BEBEFB-8C91-47AE-B42C-C4ECDBE92F7E}.Release|Any CPU.Build.0 = Release|Any CPU
	EndGlobalSection
	GlobalSection(SolutionProperties) = preSolution
		HideSolutionNode = FALSE
	EndGlobalSection
	GlobalSection(ExtensibilityGlobals) = postSolution
		SolutionGuid = {6188A0C4-648B-4724-A7DF-8AEBBD12769D}
	EndGlobalSection
EndGlobal
